
Microsoft Visual Studio Solution File, Format Version 12.00
# Visual Studio 15
VisualStudioVersion = 15.0.28010.2046
MinimumVisualStudioVersion = 10.0.40219.1
Project("{FAE04EC0-301F-11D3-BF4B-00C04F79EFBC}") = "CANApp.Android", "CANApp\CANApp.Android\CANApp.Android.csproj", "{A151B6DB-ED01-4184-9DBB-054329E50949}"
EndProject
Project("{FAE04EC0-301F-11D3-BF4B-00C04F79EFBC}") = "CANApp.iOS", "CANApp\CANApp.iOS\CANApp.iOS.csproj", "{FEE8417D-B369-4851-9DBC-94D11044D17B}"
EndProject
Project("{FAE04EC0-301F-11D3-BF4B-00C04F79EFBC}") = "CANApp", "CANApp\CANApp\CANApp.csproj", "{36A148D4-A5CA-4BD7-98D5-1435DD6B6012}"
EndProject
Global
	GlobalSection(SolutionConfigurationPlatforms) = preSolution
		Ad-Hoc|Any CPU = Ad-Hoc|Any CPU
		Ad-Hoc|iPhone = Ad-Hoc|iPhone
		Ad-Hoc|iPhoneSimulator = Ad-Hoc|iPhoneSimulator
		AppStore|Any CPU = AppStore|Any CPU
		AppStore|iPhone = AppStore|iPhone
		AppStore|iPhoneSimulator = AppStore|iPhoneSimulator
		Debug|Any CPU = Debug|Any CPU
		Debug|iPhone = Debug|iPhone
		Debug|iPhoneSimulator = Debug|iPhoneSimulator
		Release|Any CPU = Release|Any CPU
		Release|iPhone = Release|iPhone
		Release|iPhoneSimulator = Release|iPhoneSimulator
	EndGlobalSection
	GlobalSection(ProjectConfigurationPlatforms) = postSolution
		{A151B6DB-ED01-4184-9DBB-054329E50949}.Ad-Hoc|Any CPU.ActiveCfg = Release|Any CPU
		{A151B6DB-ED01-4184-9DBB-054329E50949}.Ad-Hoc|Any CPU.Build.0 = Release|Any CPU
		{A151B6DB-ED01-4184-9DBB-054329E50949}.Ad-Hoc|Any CPU.Deploy.0 = Release|Any CPU
		{A151B6DB-ED01-4184-9DBB-054329E50949}.Ad-Hoc|iPhone.ActiveCfg = Release|Any CPU
		{A151B6DB-ED01-4184-9DBB-054329E50949}.Ad-Hoc|iPhone.Build.0 = Release|Any CPU
		{A151B6DB-ED01-4184-9DBB-054329E50949}.Ad-Hoc|iPhone.Deploy.0 = Release|Any CPU
		{A151B6DB-ED01-4184-9DBB-054329E50949}.Ad-Hoc|iPhoneSimulator.ActiveCfg = Release|Any CPU
		{A151B6DB-ED01-4184-9DBB-054329E50949}.Ad-Hoc|iPhoneSimulator.Build.0 = Release|Any CPU
		{A151B6DB-ED01-4184-9DBB-054329E50949}.Ad-Hoc|iPhoneSimulator.Deploy.0 = Release|Any CPU
		{A151B6DB-ED01-4184-9DBB-054329E50949}.AppStore|Any CPU.ActiveCfg = Release|Any CPU
		{A151B6DB-ED01-4184-9DBB-054329E50949}.AppStore|Any CPU.Build.0 = Release|Any CPU
		{A151B6DB-ED01-4184-9DBB-054329E50949}.AppStore|Any CPU.Deploy.0 = Release|Any CPU
		{A151B6DB-ED01-4184-9DBB-054329E50949}.AppStore|iPhone.ActiveCfg = Release|Any CPU
		{A151B6DB-ED01-4184-9DBB-054329E50949}.AppStore|iPhone.Build.0 = Release|Any CPU
		{A151B6DB-ED01-4184-9DBB-054329E50949}.AppStore|iPhone.Deploy.0 = Release|Any CPU
		{A151B6DB-ED01-4184-9DBB-054329E50949}.AppStore|iPhoneSimulator.ActiveCfg = Release|Any CPU
		{A151B6DB-ED01-4184-9DBB-054329E50949}.AppStore|iPhoneSimulator.Build.0 = Release|Any CPU
		{A151B6DB-ED01-4184-9DBB-054329E50949}.AppStore|iPhoneSimulator.Deploy.0 = Release|Any CPU
		{A151B6DB-ED01-4184-9DBB-054329E50949}.Debug|Any CPU.ActiveCfg = Debug|Any CPU
		{A151B6DB-ED01-4184-9DBB-054329E50949}.Debug|Any CPU.Build.0 = Debug|Any CPU
		{A151B6DB-ED01-4184-9DBB-054329E50949}.Debug|Any CPU.Deploy.0 = Debug|Any CPU
		{A151B6DB-ED01-4184-9DBB-054329E50949}.Debug|iPhone.ActiveCfg = Debug|Any CPU
		{A151B6DB-ED01-4184-9DBB-054329E50949}.Debug|iPhone.Build.0 = Debug|Any CPU
		{A151B6DB-ED01-4184-9DBB-054329E50949}.Debug|iPhone.Deploy.0 = Debug|Any CPU
		{A151B6DB-ED01-4184-9DBB-054329E50949}.Debug|iPhoneSimulator.ActiveCfg = Debug|Any CPU
		{A151B6DB-ED01-4184-9DBB-054329E50949}.Debug|iPhoneSimulator.Build.0 = Debug|Any CPU
		{A151B6DB-ED01-4184-9DBB-054329E50949}.Debug|iPhoneSimulator.Deploy.0 = Debug|Any CPU
		{A151B6DB-ED01-4184-9DBB-054329E50949}.Release|Any CPU.ActiveCfg = Release|Any CPU
		{A151B6DB-ED01-4184-9DBB-054329E50949}.Release|Any CPU.Build.0 = Release|Any CPU
		{A151B6DB-ED01-4184-9DBB-054329E50949}.Release|Any CPU.Deploy.0 = Release|Any CPU
		{A151B6DB-ED01-4184-9DBB-054329E50949}.Release|iPhone.ActiveCfg = Release|Any CPU
		{A151B6DB-ED01-4184-9DBB-054329E50949}.Release|iPhone.Build.0 = Release|Any CPU
		{A151B6DB-ED01-4184-9DBB-054329E50949}.Release|iPhone.Deploy.0 = Release|Any CPU
		{A151B6DB-ED01-4184-9DBB-054329E50949}.Release|iPhoneSimulator.ActiveCfg = Release|Any CPU
		{A151B6DB-ED01-4184-9DBB-054329E50949}.Release|iPhoneSimulator.Build.0 = Release|Any CPU
		{A151B6DB-ED01-4184-9DBB-054329E50949}.Release|iPhoneSimulator.Deploy.0 = Release|Any CPU
		{FEE8417D-B369-4851-9DBC-94D11044D17B}.Ad-Hoc|Any CPU.ActiveCfg = Ad-Hoc|iPhone
		{FEE8417D-B369-4851-9DBC-94D11044D17B}.Ad-Hoc|Any CPU.Build.0 = Ad-Hoc|iPhone
		{FEE8417D-B369-4851-9DBC-94D11044D17B}.Ad-Hoc|Any CPU.Deploy.0 = Ad-Hoc|iPhone
		{FEE8417D-B369-4851-9DBC-94D11044D17B}.Ad-Hoc|iPhone.ActiveCfg = Ad-Hoc|iPhone
		{FEE8417D-B369-4851-9DBC-94D11044D17B}.Ad-Hoc|iPhone.Build.0 = Ad-Hoc|iPhone
		{FEE8417D-B369-4851-9DBC-94D11044D17B}.Ad-Hoc|iPhone.Deploy.0 = Ad-Hoc|iPhone
		{FEE8417D-B369-4851-9DBC-94D11044D17B}.Ad-Hoc|iPhoneSimulator.ActiveCfg = Ad-Hoc|iPhoneSimulator
		{FEE8417D-B369-4851-9DBC-94D11044D17B}.Ad-Hoc|iPhoneSimulator.Build.0 = Ad-Hoc|iPhoneSimulator
		{FEE8417D-B369-4851-9DBC-94D11044D17B}.Ad-Hoc|iPhoneSimulator.Deploy.0 = Ad-Hoc|iPhoneSimulator
		{FEE8417D-B369-4851-9DBC-94D11044D17B}.AppStore|Any CPU.ActiveCfg = AppStore|iPhone
		{FEE8417D-B369-4851-9DBC-94D11044D17B}.AppStore|Any CPU.Build.0 = AppStore|iPhone
		{FEE8417D-B369-4851-9DBC-94D11044D17B}.AppStore|Any CPU.Deploy.0 = AppStore|iPhone
		{FEE8417D-B369-4851-9DBC-94D11044D17B}.AppStore|iPhone.ActiveCfg = AppStore|iPhone
		{FEE8417D-B369-4851-9DBC-94D11044D17B}.AppStore|iPhone.Build.0 = AppStore|iPhone
		{FEE8417D-B369-4851-9DBC-94D11044D17B}.AppStore|iPhone.Deploy.0 = AppStore|iPhone
		{FEE8417D-B369-4851-9DBC-94D11044D17B}.AppStore|iPhoneSimulator.ActiveCfg = AppStore|iPhoneSimulator
		{FEE8417D-B369-4851-9DBC-94D11044D17B}.AppStore|iPhoneSimulator.Build.0 = AppStore|iPhoneSimulator
		{FEE8417D-B369-4851-9DBC-94D11044D17B}.AppStore|iPhoneSimulator.Deploy.0 = AppStore|iPhoneSimulator
		{FEE8417D-B369-4851-9DBC-94D11044D17B}.Debug|Any CPU.ActiveCfg = Debug|iPhoneSimulator
		{FEE8417D-B369-4851-9DBC-94D11044D17B}.Debug|Any CPU.Build.0 = Debug|iPhoneSimulator
		{FEE8417D-B369-4851-9DBC-94D11044D17B}.Debug|Any CPU.Deploy.0 = Debug|iPhoneSimulator
		{FEE8417D-B369-4851-9DBC-94D11044D17B}.Debug|iPhone.ActiveCfg = Debug|iPhone
		{FEE8417D-B369-4851-9DBC-94D11044D17B}.Debug|iPhone.Build.0 = Debug|iPhone
		{FEE8417D-B369-4851-9DBC-94D11044D17B}.Debug|iPhone.Deploy.0 = Debug|iPhone
		{FEE8417D-B369-4851-9DBC-94D11044D17B}.Debug|iPhoneSimulator.ActiveCfg = Debug|iPhoneSimulator
		{FEE8417D-B369-4851-9DBC-94D11044D17B}.Debug|iPhoneSimulator.Build.0 = Debug|iPhoneSimulator
		{FEE8417D-B369-4851-9DBC-94D11044D17B}.Debug|iPhoneSimulator.Deploy.0 = Debug|iPhoneSimulator
		{FEE8417D-B369-4851-9DBC-94D11044D17B}.Release|Any CPU.ActiveCfg = Release|iPhone
		{FEE8417D-B369-4851-9DBC-94D11044D17B}.Release|Any CPU.Build.0 = Release|iPhone
		{FEE8417D-B369-4851-9DBC-94D11044D17B}.Release|Any CPU.Deploy.0 = Release|iPhone
		{FEE8417D-B369-4851-9DBC-94D11044D17B}.Release|iPhone.ActiveCfg = Release|iPhone
		{FEE8417D-B369-4851-9DBC-94D11044D17B}.Release|iPhone.Build.0 = Release|iPhone
		{FEE8417D-B369-4851-9DBC-94D11044D17B}.Release|iPhone.Deploy.0 = Release|iPhone
		{FEE8417D-B369-4851-9DBC-94D11044D17B}.Release|iPhoneSimulator.ActiveCfg = Release|iPhoneSimulator
		{FEE8417D-B369-4851-9DBC-94D11044D17B}.Release|iPhoneSimulator.Build.0 = Release|iPhoneSimulator
		{FEE8417D-B369-4851-9DBC-94D11044D17B}.Release|iPhoneSimulator.Deploy.0 = Release|iPhoneSimulator
		{36A148D4-A5CA-4BD7-98D5-1435DD6B6012}.Ad-Hoc|Any CPU.ActiveCfg = Debug|Any CPU
		{36A148D4-A5CA-4BD7-98D5-1435DD6B6012}.Ad-Hoc|Any CPU.Build.0 = Debug|Any CPU
		{36A148D4-A5CA-4BD7-98D5-1435DD6B6012}.Ad-Hoc|Any CPU.Deploy.0 = Debug|Any CPU
		{36A148D4-A5CA-4BD7-98D5-1435DD6B6012}.Ad-Hoc|iPhone.ActiveCfg = Debug|Any CPU
		{36A148D4-A5CA-4BD7-98D5-1435DD6B6012}.Ad-Hoc|iPhone.Build.0 = Debug|Any CPU
		{36A148D4-A5CA-4BD7-98D5-1435DD6B6012}.Ad-Hoc|iPhone.Deploy.0 = Debug|Any CPU
		{36A148D4-A5CA-4BD7-98D5-1435DD6B6012}.Ad-Hoc|iPhoneSimulator.ActiveCfg = Debug|Any CPU
		{36A148D4-A5CA-4BD7-98D5-1435DD6B6012}.Ad-Hoc|iPhoneSimulator.Build.0 = Debug|Any CPU
		{36A148D4-A5CA-4BD7-98D5-1435DD6B6012}.Ad-Hoc|iPhoneSimulator.Deploy.0 = Debug|Any CPU
		{36A148D4-A5CA-4BD7-98D5-1435DD6B6012}.AppStore|Any CPU.ActiveCfg = Debug|Any CPU
		{36A148D4-A5CA-4BD7-98D5-1435DD6B6012}.AppStore|Any CPU.Build.0 = Debug|Any CPU
		{36A148D4-A5CA-4BD7-98D5-1435DD6B6012}.AppStore|Any CPU.Deploy.0 = Debug|Any CPU
		{36A148D4-A5CA-4BD7-98D5-1435DD6B6012}.AppStore|iPhone.ActiveCfg = Debug|Any CPU
		{36A148D4-A5CA-4BD7-98D5-1435DD6B6012}.AppStore|iPhone.Build.0 = Debug|Any CPU
		{36A148D4-A5CA-4BD7-98D5-1435DD6B6012}.AppStore|iPhone.Deploy.0 = Debug|Any CPU
		{36A148D4-A5CA-4BD7-98D5-1435DD6B6012}.AppStore|iPhoneSimulator.ActiveCfg = Debug|Any CPU
		{36A148D4-A5CA-4BD7-98D5-1435DD6B6012}.AppStore|iPhoneSimulator.Build.0 = Debug|Any CPU
		{36A148D4-A5CA-4BD7-98D5-1435DD6B6012}.AppStore|iPhoneSimulator.Deploy.0 = Debug|Any CPU
		{36A148D4-A5CA-4BD7-98D5-1435DD6B6012}.Debug|Any CPU.ActiveCfg = Debug|Any CPU
		{36A148D4-A5CA-4BD7-98D5-1435DD6B6012}.Debug|Any CPU.Build.0 = Debug|Any CPU
		{36A148D4-A5CA-4BD7-98D5-1435DD6B6012}.Debug|Any CPU.Deploy.0 = Debug|Any CPU
		{36A148D4-A5CA-4BD7-98D5-1435DD6B6012}.Debug|iPhone.ActiveCfg = Debug|Any CPU
		{36A148D4-A5CA-4BD7-98D5-1435DD6B6012}.Debug|iPhone.Build.0 = Debug|Any CPU
		{36A148D4-A5CA-4BD7-98D5-1435DD6B6012}.Debug|iPhone.Deploy.0 = Debug|Any CPU
		{36A148D4-A5CA-4BD7-98D5-1435DD6B6012}.Debug|iPhoneSimulator.ActiveCfg = Debug|Any CPU
		{36A148D4-A5CA-4BD7-98D5-1435DD6B6012}.Debug|iPhoneSimulator.Build.0 = Debug|Any CPU
		{36A148D4-A5CA-4BD7-98D5-1435DD6B6012}.Debug|iPhoneSimulator.Deploy.0 = Debug|Any CPU
		{36A148D4-A5CA-4BD7-98D5-1435DD6B6012}.Release|Any CPU.ActiveCfg = Release|Any CPU
		{36A148D4-A5CA-4BD7-98D5-1435DD6B6012}.Release|Any CPU.Build.0 = Release|Any CPU
		{36A148D4-A5CA-4BD7-98D5-1435DD6B6012}.Release|Any CPU.Deploy.0 = Release|Any CPU
		{36A148D4-A5CA-4BD7-98D5-1435DD6B6012}.Release|iPhone.ActiveCfg = Release|Any CPU
		{36A148D4-A5CA-4BD7-98D5-1435DD6B6012}.Release|iPhone.Build.0 = Release|Any CPU
		{36A148D4-A5CA-4BD7-98D5-1435DD6B6012}.Release|iPhone.Deploy.0 = Release|Any CPU
		{36A148D4-A5CA-4BD7-98D5-1435DD6B6012}.Release|iPhoneSimulator.ActiveCfg = Release|Any CPU
		{36A148D4-A5CA-4BD7-98D5-1435DD6B6012}.Release|iPhoneSimulator.Build.0 = Release|Any CPU
		{36A148D4-A5CA-4BD7-98D5-1435DD6B6012}.Release|iPhoneSimulator.Deploy.0 = Release|Any CPU
	EndGlobalSection
	GlobalSection(SolutionProperties) = preSolution
		HideSolutionNode = FALSE
	EndGlobalSection
	GlobalSection(ExtensibilityGlobals) = postSolution
		SolutionGuid = {9088D278-0E08-4ECF-B335-72D7655EEAA7}
	EndGlobalSection
EndGlobal
